{
    "_meta": {
        "hash": {
            "sha256": "2fce72f0a32ef911ed8367e771b2e397645d55fc15df43f3836907b3784bbb5c"
        },
        "pipfile-spec": 6,
        "requires": {},
        "sources": [
            {
                "name": "pypi",
                "url": "https://pypi.org/simple",
                "verify_ssl": true
            }
        ]
    },
    "default": {
        "certifi": {
            "hashes": [
                "sha256:13e698f54293db9f89122b0581843a782ad0934a4fe0172d2a980ba77fc61bb7",
                "sha256:9fa520c1bacfb634fa7af20a76bcbd3d5fb390481724c597da32c719a7dca4b0"
            ],
            "version": "==2018.4.16"
        },
        "future": {
            "hashes": [
                "sha256:e39ced1ab767b5936646cedba8bcce582398233d6a627067d4c6a454c90cfedb"
            ],
            "version": "==0.16.0"
        },
        "python-telegram-bot": {
            "hashes": [
                "sha256:725a28f77a04d056559015963a21eacf5d2d1f1722192237284828b7cc437465",
                "sha256:ca2f8a44ddef7271477e16f4986647fa90ef4df5b55a7953e53b9c9d2672f639"
            ],
            "index": "pypi",
            "version": "==10.1.0"
        }
    },
    "develop": {}
}
